{
    "_readme": [
        "This file locks the dependencies of your project to a known state",
        "Read more about it at https://getcomposer.org/doc/01-basic-usage.md#installing-dependencies",
        "This file is @generated automatically"
    ],
    "content-hash": "57c8cf365888d97ba22b28871f7ce8ab",
    "packages": [
        {
            "name": "burovoordeboeg/wp-gutenberg-class",
            "version": "0.2.0",
            "source": {
                "type": "git",
                "url": "git@github.com:burovoordeboeg/wp-gutenberg-class.git",
                "reference": "8c90e9825eb89b352f437f1c4db94e7297eac8e2"
            },
            "dist": {
                "type": "zip",
                "url": "https://api.github.com/repos/burovoordeboeg/wp-gutenberg-class/zipball/8c90e9825eb89b352f437f1c4db94e7297eac8e2",
                "reference": "8c90e9825eb89b352f437f1c4db94e7297eac8e2",
                "shasum": "",
                "mirrors": [
                    {
                        "url": "https://repo.packagist.com/burovoordeboeg/dists/%package%/%version%/r%reference%.%type%",
                        "preferred": true
                    }
                ]
            },
            "require": {
                "php": ">=7.1.0"
            },
            "type": "library",
            "autoload": {
                "psr-4": {
                    "BvdB\\": "src/"
                }
            },
            "notification-url": "https://repo.packagist.com/burovoordeboeg/downloads/",
            "license": [
                "MIT"
            ],
            "authors": [
                {
                    "name": "Justin Streuper",
                    "email": "justin@burovoordeboeg.nl",
                    "homepage": "https://www.burovoordeboeg.nl",
                    "role": "Developer"
                }
            ],
            "description": "This Gutenberg class supplies the ability to register Gutenberg Blocks in a simple way by adding registration methods and structuring ACF block registration.",
            "homepage": "https://www.burovoordeboeg.nl",
            "keywords": [
                "gutenberg theme setup",
                "wordpress"
            ],
            "support": {
                "source": "https://github.com/burovoordeboeg/wp-gutenberg-class/tree/0.2.0",
                "issues": "https://github.com/burovoordeboeg/wp-gutenberg-class/issues"
            },
            "time": "2020-12-01T11:14:49+00:00"
        },
        {
            "name": "burovoordeboeg/wp-theme-class",
            "version": "0.5.1",
            "source": {
                "type": "git",
                "url": "git@github.com:burovoordeboeg/wp-theme-class.git",
                "reference": "c66f1b4d6176db0705c5466bc5f305287d278e85"
            },
            "dist": {
                "type": "zip",
                "url": "https://api.github.com/repos/burovoordeboeg/wp-theme-class/zipball/c66f1b4d6176db0705c5466bc5f305287d278e85",
                "reference": "c66f1b4d6176db0705c5466bc5f305287d278e85",
                "shasum": "",
                "mirrors": [
                    {
                        "url": "https://repo.packagist.com/burovoordeboeg/dists/%package%/%version%/r%reference%.%type%",
                        "preferred": true
                    }
                ]
            },
            "require": {
                "php": ">=7.1.0",
                "twig/twig": "^2.0"
            },
            "type": "library",
            "autoload": {
                "psr-4": {
                    "BvdB\\": "src/"
                }
            },
            "notification-url": "https://repo.packagist.com/burovoordeboeg/downloads/",
            "license": [
                "MIT"
            ],
            "authors": [
                {
                    "name": "Justin Streuper",
                    "email": "justin@burovoordeboeg.nl",
                    "homepage": "https://www.burovoordeboeg.nl",
                    "role": "Developer"
                }
            ],
            "description": "This theme class provides basic out-of-the-box support which takes the hassle out of setting up a theme from scratch every time.",
            "homepage": "https://www.burovoordeboeg.nl",
            "keywords": [
                "theme setup",
                "wordpress"
            ],
            "support": {
                "source": "https://github.com/burovoordeboeg/wp-theme-class/tree/0.5.1",
                "issues": "https://github.com/burovoordeboeg/wp-theme-class/issues"
            },
            "time": "2020-12-01T11:15:29+00:00"
        },
        {
            "name": "composer/installers",
            "version": "v1.9.0",
            "source": {
                "type": "git",
                "url": "https://github.com/composer/installers.git",
                "reference": "b93bcf0fa1fccb0b7d176b0967d969691cd74cca"
            },
            "dist": {
                "type": "zip",
                "url": "https://api.github.com/repos/composer/installers/zipball/b93bcf0fa1fccb0b7d176b0967d969691cd74cca",
                "reference": "b93bcf0fa1fccb0b7d176b0967d969691cd74cca",
                "shasum": "",
                "mirrors": [
                    {
                        "url": "https://repo.packagist.com/burovoordeboeg/dists/%package%/%version%/r%reference%.%type%",
                        "preferred": true
                    }
                ]
            },
            "require": {
                "composer-plugin-api": "^1.0 || ^2.0"
            },
            "replace": {
                "roundcube/plugin-installer": "*",
                "shama/baton": "*"
            },
            "require-dev": {
                "composer/composer": "1.6.* || 2.0.*@dev",
                "composer/semver": "1.0.* || 2.0.*@dev",
                "phpunit/phpunit": "^4.8.36",
                "sebastian/comparator": "^1.2.4",
                "symfony/process": "^2.3"
            },
            "type": "composer-plugin",
            "extra": {
                "class": "Composer\\Installers\\Plugin",
                "branch-alias": {
                    "dev-master": "1.0-dev"
                }
            },
            "autoload": {
                "psr-4": {
                    "Composer\\Installers\\": "src/Composer/Installers"
                }
            },
            "notification-url": "https://repo.packagist.com/burovoordeboeg/downloads/",
            "license": [
                "MIT"
            ],
            "authors": [
                {
                    "name": "Kyle Robinson Young",
                    "email": "kyle@dontkry.com",
                    "homepage": "https://github.com/shama"
                }
            ],
            "description": "A multi-framework Composer library installer",
            "homepage": "https://composer.github.io/installers/",
            "keywords": [
                "Craft",
                "Dolibarr",
                "Eliasis",
                "Hurad",
                "ImageCMS",
                "Kanboard",
                "Lan Management System",
                "MODX Evo",
                "MantisBT",
                "Mautic",
                "Maya",
                "OXID",
                "Plentymarkets",
                "Porto",
                "RadPHP",
                "SMF",
                "Thelia",
                "Whmcs",
                "WolfCMS",
                "agl",
                "aimeos",
                "annotatecms",
                "attogram",
                "bitrix",
                "cakephp",
                "chef",
                "cockpit",
                "codeigniter",
                "concrete5",
                "croogo",
                "dokuwiki",
                "drupal",
                "eZ Platform",
                "elgg",
                "expressionengine",
                "fuelphp",
                "grav",
                "installer",
                "itop",
                "joomla",
                "known",
                "kohana",
                "laravel",
                "lavalite",
                "lithium",
                "magento",
                "majima",
                "mako",
                "mediawiki",
                "modulework",
                "modx",
                "moodle",
                "osclass",
                "phpbb",
                "piwik",
                "ppi",
                "puppet",
                "pxcms",
                "reindex",
                "roundcube",
                "shopware",
                "silverstripe",
                "sydes",
                "sylius",
                "symfony",
                "typo3",
                "wordpress",
                "yawik",
                "zend",
                "zikula"
            ],
            "funding": [
                {
                    "url": "https://packagist.com",
                    "type": "custom"
                },
                {
                    "url": "https://tidelift.com/funding/github/packagist/composer/composer",
                    "type": "tidelift"
                }
            ],
            "time": "2020-04-07T06:57:05+00:00"
        },
        {
            "name": "satispress/advanced-custom-fields-pro",
            "version": "5.9.3",
            "dist": {
                "type": "zip",
                "url": "https://packages.burovoordeboeg.nl/satispress/advanced-custom-fields-pro/5.9.3",
                "shasum": "51850e390ce4efa881cdff54787ad65fcb091667"
            },
            "require": {
                "composer/installers": "^1.0"
            },
            "type": "wordpress-plugin",
            "authors": {
                "name": "Elliot Condon",
                "homepage": "https://www.advancedcustomfields.com"
            },
            "description": "Customize WordPress with powerful, professional and intuitive fields.",
            "homepage": "https://www.advancedcustomfields.com"
        },
        {
            "name": "satispress/gravityforms",
            "version": "2.4.21",
            "dist": {
                "type": "zip",
                "url": "https://packages.burovoordeboeg.nl/satispress/gravityforms/2.4.21",
                "shasum": "4b1cefb9c43d1393214f32dd4df3776bc246d5e4"
            },
            "require": {
                "composer/installers": "^1.0"
            },
            "type": "wordpress-plugin",
            "authors": {
                "name": "Gravity Forms",
                "homepage": "https://gravityforms.com"
            },
            "description": "Easily create web forms and manage form entries within the WordPress admin.",
            "homepage": "https://gravityforms.com"
        },
        {
            "name": "symfony/polyfill-ctype",
            "version": "v1.20.0",
            "source": {
                "type": "git",
                "url": "https://github.com/symfony/polyfill-ctype.git",
                "reference": "f4ba089a5b6366e453971d3aad5fe8e897b37f41"
            },
            "dist": {
                "type": "zip",
                "url": "https://api.github.com/repos/symfony/polyfill-ctype/zipball/f4ba089a5b6366e453971d3aad5fe8e897b37f41",
                "reference": "f4ba089a5b6366e453971d3aad5fe8e897b37f41",
                "shasum": "",
                "mirrors": [
                    {
                        "url": "https://repo.packagist.com/burovoordeboeg/dists/%package%/%version%/r%reference%.%type%",
                        "preferred": true
                    }
                ]
            },
            "require": {
                "php": ">=7.1"
            },
            "suggest": {
                "ext-ctype": "For best performance"
            },
            "type": "library",
            "extra": {
                "branch-alias": {
                    "dev-main": "1.20-dev"
                },
                "thanks": {
                    "name": "symfony/polyfill",
                    "url": "https://github.com/symfony/polyfill"
                }
            },
            "autoload": {
                "psr-4": {
                    "Symfony\\Polyfill\\Ctype\\": ""
                },
                "files": [
                    "bootstrap.php"
                ]
            },
            "notification-url": "https://repo.packagist.com/burovoordeboeg/downloads/",
            "license": [
                "MIT"
            ],
            "authors": [
                {
                    "name": "Gert de Pagter",
                    "email": "BackEndTea@gmail.com"
                },
                {
                    "name": "Symfony Community",
                    "homepage": "https://symfony.com/contributors"
                }
            ],
            "description": "Symfony polyfill for ctype functions",
            "homepage": "https://symfony.com",
            "keywords": [
                "compatibility",
                "ctype",
                "polyfill",
                "portable"
            ],
            "support": {
                "source": "https://github.com/symfony/polyfill-ctype/tree/v1.20.0"
            },
            "funding": [
                {
                    "url": "https://symfony.com/sponsor",
                    "type": "custom"
                },
                {
                    "url": "https://github.com/fabpot",
                    "type": "github"
                },
                {
                    "url": "https://tidelift.com/funding/github/packagist/symfony/symfony",
                    "type": "tidelift"
                }
            ],
            "time": "2020-10-23T14:02:19+00:00"
        },
        {
            "name": "symfony/polyfill-mbstring",
            "version": "v1.20.0",
            "source": {
                "type": "git",
                "url": "https://github.com/symfony/polyfill-mbstring.git",
                "reference": "39d483bdf39be819deabf04ec872eb0b2410b531"
            },
            "dist": {
                "type": "zip",
                "url": "https://api.github.com/repos/symfony/polyfill-mbstring/zipball/39d483bdf39be819deabf04ec872eb0b2410b531",
                "reference": "39d483bdf39be819deabf04ec872eb0b2410b531",
                "shasum": "",
                "mirrors": [
                    {
                        "url": "https://repo.packagist.com/burovoordeboeg/dists/%package%/%version%/r%reference%.%type%",
                        "preferred": true
                    }
                ]
            },
            "require": {
                "php": ">=7.1"
            },
            "suggest": {
                "ext-mbstring": "For best performance"
            },
            "type": "library",
            "extra": {
                "branch-alias": {
                    "dev-main": "1.20-dev"
                },
                "thanks": {
                    "name": "symfony/polyfill",
                    "url": "https://github.com/symfony/polyfill"
                }
            },
            "autoload": {
                "psr-4": {
                    "Symfony\\Polyfill\\Mbstring\\": ""
                },
                "files": [
                    "bootstrap.php"
                ]
            },
            "notification-url": "https://repo.packagist.com/burovoordeboeg/downloads/",
            "license": [
                "MIT"
            ],
            "authors": [
                {
                    "name": "Nicolas Grekas",
                    "email": "p@tchwork.com"
                },
                {
                    "name": "Symfony Community",
                    "homepage": "https://symfony.com/contributors"
                }
            ],
            "description": "Symfony polyfill for the Mbstring extension",
            "homepage": "https://symfony.com",
            "keywords": [
                "compatibility",
                "mbstring",
                "polyfill",
                "portable",
                "shim"
            ],
            "support": {
                "source": "https://github.com/symfony/polyfill-mbstring/tree/v1.20.0"
            },
            "funding": [
                {
                    "url": "https://symfony.com/sponsor",
                    "type": "custom"
                },
                {
                    "url": "https://github.com/fabpot",
                    "type": "github"
                },
                {
                    "url": "https://tidelift.com/funding/github/packagist/symfony/symfony",
                    "type": "tidelift"
                }
            ],
            "time": "2020-10-23T14:02:19+00:00"
        },
        {
            "name": "twig/twig",
            "version": "v2.14.1",
            "source": {
                "type": "git",
                "url": "https://github.com/twigphp/Twig.git",
                "reference": "5eb9ac5dfdd20c3f59495c22841adc5da980d312"
            },
            "dist": {
                "type": "zip",
                "url": "https://api.github.com/repos/twigphp/Twig/zipball/5eb9ac5dfdd20c3f59495c22841adc5da980d312",
                "reference": "5eb9ac5dfdd20c3f59495c22841adc5da980d312",
                "shasum": "",
                "mirrors": [
                    {
                        "url": "https://repo.packagist.com/burovoordeboeg/dists/%package%/%version%/r%reference%.%type%",
                        "preferred": true
                    }
                ]
            },
            "require": {
                "php": ">=7.2.5",
                "symfony/polyfill-ctype": "^1.8",
                "symfony/polyfill-mbstring": "^1.3"
            },
            "require-dev": {
                "psr/container": "^1.0",
                "symfony/phpunit-bridge": "^4.4.9|^5.0.9"
            },
            "type": "library",
            "extra": {
                "branch-alias": {
                    "dev-master": "2.14-dev"
                }
            },
            "autoload": {
                "psr-0": {
                    "Twig_": "lib/"
                },
                "psr-4": {
                    "Twig\\": "src/"
                }
            },
            "notification-url": "https://repo.packagist.com/burovoordeboeg/downloads/",
            "license": [
                "BSD-3-Clause"
            ],
            "authors": [
                {
                    "name": "Fabien Potencier",
                    "email": "fabien@symfony.com",
                    "homepage": "http://fabien.potencier.org",
                    "role": "Lead Developer"
                },
                {
                    "name": "Twig Team",
                    "role": "Contributors"
                },
                {
                    "name": "Armin Ronacher",
                    "email": "armin.ronacher@active-4.com",
                    "role": "Project Founder"
                }
            ],
            "description": "Twig, the flexible, fast, and secure template language for PHP",
            "homepage": "https://twig.symfony.com",
            "keywords": [
                "templating"
            ],
            "support": {
                "issues": "https://github.com/twigphp/Twig/issues",
                "source": "https://github.com/twigphp/Twig/tree/v2.14.1"
            },
            "funding": [
                {
                    "url": "https://github.com/fabpot",
                    "type": "github"
                },
                {
                    "url": "https://tidelift.com/funding/github/packagist/twig/twig",
                    "type": "tidelift"
                }
            ],
            "time": "2020-10-27T19:25:29+00:00"
        }
    ],
    "packages-dev": [],
    "aliases": [],
    "minimum-stability": "stable",
    "stability-flags": [],
    "prefer-stable": false,
    "prefer-lowest": false,
    "platform": [],
    "platform-dev": [],
    "plugin-api-version": "2.0.0"
}
