{
    "_readme": [
        "This file locks the dependencies of your project to a known state",
        "Read more about it at https://getcomposer.org/doc/01-basic-usage.md#installing-dependencies",
        "This file is @generated automatically"
    ],
    "content-hash": "46b8827b8e93c09a555a42464f67492e",
    "packages": [
        {
            "name": "burovoordeboeg/wp-gutenberg-class",
            "version": "0.2.6",
            "source": {
                "type": "git",
                "url": "git@github.com:burovoordeboeg/wp-gutenberg-class.git",
                "reference": "fe8495de0b3b6e8514b299d44706794bc19cc5c4"
            },
            "dist": {
                "type": "zip",
                "url": "https://api.github.com/repos/burovoordeboeg/wp-gutenberg-class/zipball/fe8495de0b3b6e8514b299d44706794bc19cc5c4",
                "reference": "fe8495de0b3b6e8514b299d44706794bc19cc5c4",
                "shasum": "",
                "mirrors": [
                    {
                        "url": "https://repo.packagist.com/burovoordeboeg/dists/%package%/%version%/r%reference%.%type%",
                        "preferred": true
                    }
                ]
            },
            "require": {
                "php": ">=7.1.0"
            },
            "type": "library",
            "autoload": {
                "psr-4": {
                    "BvdB\\": "src/"
                }
            },
            "notification-url": "https://repo.packagist.com/burovoordeboeg/downloads/",
            "license": [
                "MIT"
            ],
            "authors": [
                {
                    "name": "Justin Streuper",
                    "email": "justin@burovoordeboeg.nl",
                    "homepage": "https://www.burovoordeboeg.nl",
                    "role": "Developer"
                }
            ],
            "description": "This Gutenberg class supplies the ability to register Gutenberg Blocks in a simple way by adding registration methods and structuring ACF block registration.",
            "homepage": "https://www.burovoordeboeg.nl",
            "keywords": [
                "gutenberg theme setup",
                "wordpress"
            ],
            "support": {
                "source": "https://github.com/burovoordeboeg/wp-gutenberg-class/tree/0.2.6",
                "issues": "https://github.com/burovoordeboeg/wp-gutenberg-class/issues"
            },
            "time": "2021-08-23T09:17:19+00:00"
        },
        {
            "name": "burovoordeboeg/wp-theme-class",
            "version": "0.5.6",
            "source": {
                "type": "git",
                "url": "git@github.com:burovoordeboeg/wp-theme-class.git",
                "reference": "8fac9a2b9f69f0cb9c9ca9de23c61f5cb5be6393"
            },
            "dist": {
                "type": "zip",
                "url": "https://api.github.com/repos/burovoordeboeg/wp-theme-class/zipball/8fac9a2b9f69f0cb9c9ca9de23c61f5cb5be6393",
                "reference": "8fac9a2b9f69f0cb9c9ca9de23c61f5cb5be6393",
                "shasum": "",
                "mirrors": [
                    {
                        "url": "https://repo.packagist.com/burovoordeboeg/dists/%package%/%version%/r%reference%.%type%",
                        "preferred": true
                    }
                ]
            },
            "require": {
                "php": ">=7.1.0",
                "twig/twig": "^2.0"
            },
            "type": "library",
            "autoload": {
                "psr-4": {
                    "BvdB\\": "src/"
                }
            },
            "notification-url": "https://repo.packagist.com/burovoordeboeg/downloads/",
            "license": [
                "MIT"
            ],
            "authors": [
                {
                    "name": "Justin Streuper",
                    "email": "justin@burovoordeboeg.nl",
                    "homepage": "https://www.burovoordeboeg.nl",
                    "role": "Developer"
                }
            ],
            "description": "This theme class provides basic out-of-the-box support which takes the hassle out of setting up a theme from scratch every time.",
            "homepage": "https://www.burovoordeboeg.nl",
            "keywords": [
                "theme setup",
                "wordpress"
            ],
            "support": {
                "source": "https://github.com/burovoordeboeg/wp-theme-class/tree/0.5.6",
                "issues": "https://github.com/burovoordeboeg/wp-theme-class/issues"
            },
            "time": "2021-04-26T14:43:54+00:00"
        },
        {
            "name": "symfony/polyfill-ctype",
            "version": "v1.23.0",
            "source": {
                "type": "git",
                "url": "https://github.com/symfony/polyfill-ctype.git",
                "reference": "46cd95797e9df938fdd2b03693b5fca5e64b01ce"
            },
            "dist": {
                "type": "zip",
                "url": "https://api.github.com/repos/symfony/polyfill-ctype/zipball/46cd95797e9df938fdd2b03693b5fca5e64b01ce",
                "reference": "46cd95797e9df938fdd2b03693b5fca5e64b01ce",
                "shasum": "",
                "mirrors": [
                    {
                        "url": "https://repo.packagist.com/burovoordeboeg/dists/%package%/%version%/r%reference%.%type%",
                        "preferred": true
                    }
                ]
            },
            "require": {
                "php": ">=7.1"
            },
            "suggest": {
                "ext-ctype": "For best performance"
            },
            "type": "library",
            "extra": {
                "branch-alias": {
                    "dev-main": "1.23-dev"
                },
                "thanks": {
                    "name": "symfony/polyfill",
                    "url": "https://github.com/symfony/polyfill"
                }
            },
            "autoload": {
                "psr-4": {
                    "Symfony\\Polyfill\\Ctype\\": ""
                },
                "files": [
                    "bootstrap.php"
                ]
            },
            "notification-url": "https://repo.packagist.com/burovoordeboeg/downloads/",
            "license": [
                "MIT"
            ],
            "authors": [
                {
                    "name": "Gert de Pagter",
                    "email": "BackEndTea@gmail.com"
                },
                {
                    "name": "Symfony Community",
                    "homepage": "https://symfony.com/contributors"
                }
            ],
            "description": "Symfony polyfill for ctype functions",
            "homepage": "https://symfony.com",
            "keywords": [
                "compatibility",
                "ctype",
                "polyfill",
                "portable"
            ],
            "support": {
                "source": "https://github.com/symfony/polyfill-ctype/tree/v1.23.0"
            },
            "funding": [
                {
                    "url": "https://symfony.com/sponsor",
                    "type": "custom"
                },
                {
                    "url": "https://github.com/fabpot",
                    "type": "github"
                },
                {
                    "url": "https://tidelift.com/funding/github/packagist/symfony/symfony",
                    "type": "tidelift"
                }
            ],
            "time": "2021-02-19T12:13:01+00:00"
        },
        {
            "name": "symfony/polyfill-mbstring",
            "version": "v1.23.1",
            "source": {
                "type": "git",
                "url": "https://github.com/symfony/polyfill-mbstring.git",
                "reference": "9174a3d80210dca8daa7f31fec659150bbeabfc6"
            },
            "dist": {
                "type": "zip",
                "url": "https://api.github.com/repos/symfony/polyfill-mbstring/zipball/9174a3d80210dca8daa7f31fec659150bbeabfc6",
                "reference": "9174a3d80210dca8daa7f31fec659150bbeabfc6",
                "shasum": "",
                "mirrors": [
                    {
                        "url": "https://repo.packagist.com/burovoordeboeg/dists/%package%/%version%/r%reference%.%type%",
                        "preferred": true
                    }
                ]
            },
            "require": {
                "php": ">=7.1"
            },
            "suggest": {
                "ext-mbstring": "For best performance"
            },
            "type": "library",
            "extra": {
                "branch-alias": {
                    "dev-main": "1.23-dev"
                },
                "thanks": {
                    "name": "symfony/polyfill",
                    "url": "https://github.com/symfony/polyfill"
                }
            },
            "autoload": {
                "psr-4": {
                    "Symfony\\Polyfill\\Mbstring\\": ""
                },
                "files": [
                    "bootstrap.php"
                ]
            },
            "notification-url": "https://repo.packagist.com/burovoordeboeg/downloads/",
            "license": [
                "MIT"
            ],
            "authors": [
                {
                    "name": "Nicolas Grekas",
                    "email": "p@tchwork.com"
                },
                {
                    "name": "Symfony Community",
                    "homepage": "https://symfony.com/contributors"
                }
            ],
            "description": "Symfony polyfill for the Mbstring extension",
            "homepage": "https://symfony.com",
            "keywords": [
                "compatibility",
                "mbstring",
                "polyfill",
                "portable",
                "shim"
            ],
            "support": {
                "source": "https://github.com/symfony/polyfill-mbstring/tree/v1.23.1"
            },
            "funding": [
                {
                    "url": "https://symfony.com/sponsor",
                    "type": "custom"
                },
                {
                    "url": "https://github.com/fabpot",
                    "type": "github"
                },
                {
                    "url": "https://tidelift.com/funding/github/packagist/symfony/symfony",
                    "type": "tidelift"
                }
            ],
            "time": "2021-05-27T12:26:48+00:00"
        },
        {
            "name": "twig/twig",
            "version": "v2.14.7",
            "source": {
                "type": "git",
                "url": "https://github.com/twigphp/Twig.git",
                "reference": "8e202327ee1ed863629de9b18a5ec70ac614d88f"
            },
            "dist": {
                "type": "zip",
                "url": "https://api.github.com/repos/twigphp/Twig/zipball/8e202327ee1ed863629de9b18a5ec70ac614d88f",
                "reference": "8e202327ee1ed863629de9b18a5ec70ac614d88f",
                "shasum": "",
                "mirrors": [
                    {
                        "url": "https://repo.packagist.com/burovoordeboeg/dists/%package%/%version%/r%reference%.%type%",
                        "preferred": true
                    }
                ]
            },
            "require": {
                "php": ">=7.2.5",
                "symfony/polyfill-ctype": "^1.8",
                "symfony/polyfill-mbstring": "^1.3"
            },
            "require-dev": {
                "psr/container": "^1.0",
                "symfony/phpunit-bridge": "^4.4.9|^5.0.9|^6.0"
            },
            "type": "library",
            "extra": {
                "branch-alias": {
                    "dev-master": "2.14-dev"
                }
            },
            "autoload": {
                "psr-0": {
                    "Twig_": "lib/"
                },
                "psr-4": {
                    "Twig\\": "src/"
                }
            },
            "notification-url": "https://repo.packagist.com/burovoordeboeg/downloads/",
            "license": [
                "BSD-3-Clause"
            ],
            "authors": [
                {
                    "name": "Fabien Potencier",
                    "email": "fabien@symfony.com",
                    "homepage": "http://fabien.potencier.org",
                    "role": "Lead Developer"
                },
                {
                    "name": "Twig Team",
                    "role": "Contributors"
                },
                {
                    "name": "Armin Ronacher",
                    "email": "armin.ronacher@active-4.com",
                    "role": "Project Founder"
                }
            ],
            "description": "Twig, the flexible, fast, and secure template language for PHP",
            "homepage": "https://twig.symfony.com",
            "keywords": [
                "templating"
            ],
            "support": {
                "issues": "https://github.com/twigphp/Twig/issues",
                "source": "https://github.com/twigphp/Twig/tree/v2.14.7"
            },
            "funding": [
                {
                    "url": "https://github.com/fabpot",
                    "type": "github"
                },
                {
                    "url": "https://tidelift.com/funding/github/packagist/twig/twig",
                    "type": "tidelift"
                }
            ],
            "time": "2021-09-17T08:39:54+00:00"
        }
    ],
    "packages-dev": [
        {
            "name": "composer/installers",
            "version": "v1.12.0",
            "source": {
                "type": "git",
                "url": "https://github.com/composer/installers.git",
                "reference": "d20a64ed3c94748397ff5973488761b22f6d3f19"
            },
            "dist": {
                "type": "zip",
                "url": "https://api.github.com/repos/composer/installers/zipball/d20a64ed3c94748397ff5973488761b22f6d3f19",
                "reference": "d20a64ed3c94748397ff5973488761b22f6d3f19",
                "shasum": "",
                "mirrors": [
                    {
                        "url": "https://repo.packagist.com/burovoordeboeg/dists/%package%/%version%/r%reference%.%type%",
                        "preferred": true
                    }
                ]
            },
            "require": {
                "composer-plugin-api": "^1.0 || ^2.0"
            },
            "replace": {
                "roundcube/plugin-installer": "*",
                "shama/baton": "*"
            },
            "require-dev": {
                "composer/composer": "1.6.* || ^2.0",
                "composer/semver": "^1 || ^3",
                "phpstan/phpstan": "^0.12.55",
                "phpstan/phpstan-phpunit": "^0.12.16",
                "symfony/phpunit-bridge": "^4.2 || ^5",
                "symfony/process": "^2.3"
            },
            "type": "composer-plugin",
            "extra": {
                "class": "Composer\\Installers\\Plugin",
                "branch-alias": {
                    "dev-main": "1.x-dev"
                }
            },
            "autoload": {
                "psr-4": {
                    "Composer\\Installers\\": "src/Composer/Installers"
                }
            },
            "notification-url": "https://repo.packagist.com/burovoordeboeg/downloads/",
            "license": [
                "MIT"
            ],
            "authors": [
                {
                    "name": "Kyle Robinson Young",
                    "email": "kyle@dontkry.com",
                    "homepage": "https://github.com/shama"
                }
            ],
            "description": "A multi-framework Composer library installer",
            "homepage": "https://composer.github.io/installers/",
            "keywords": [
                "Craft",
                "Dolibarr",
                "Eliasis",
                "Hurad",
                "ImageCMS",
                "Kanboard",
                "Lan Management System",
                "MODX Evo",
                "MantisBT",
                "Mautic",
                "Maya",
                "OXID",
                "Plentymarkets",
                "Porto",
                "RadPHP",
                "SMF",
                "Starbug",
                "Thelia",
                "Whmcs",
                "WolfCMS",
                "agl",
                "aimeos",
                "annotatecms",
                "attogram",
                "bitrix",
                "cakephp",
                "chef",
                "cockpit",
                "codeigniter",
                "concrete5",
                "croogo",
                "dokuwiki",
                "drupal",
                "eZ Platform",
                "elgg",
                "expressionengine",
                "fuelphp",
                "grav",
                "installer",
                "itop",
                "joomla",
                "known",
                "kohana",
                "laravel",
                "lavalite",
                "lithium",
                "magento",
                "majima",
                "mako",
                "mediawiki",
                "miaoxing",
                "modulework",
                "modx",
                "moodle",
                "osclass",
                "pantheon",
                "phpbb",
                "piwik",
                "ppi",
                "processwire",
                "puppet",
                "pxcms",
                "reindex",
                "roundcube",
                "shopware",
                "silverstripe",
                "sydes",
                "sylius",
                "symfony",
                "tastyigniter",
                "typo3",
                "wordpress",
                "yawik",
                "zend",
                "zikula"
            ],
            "support": {
                "issues": "https://github.com/composer/installers/issues",
                "source": "https://github.com/composer/installers/tree/v1.12.0"
            },
            "funding": [
                {
                    "url": "https://packagist.com",
                    "type": "custom"
                },
                {
                    "url": "https://github.com/composer",
                    "type": "github"
                },
                {
                    "url": "https://tidelift.com/funding/github/packagist/composer/composer",
                    "type": "tidelift"
                }
            ],
            "time": "2021-09-13T08:19:44+00:00"
        },
        {
            "name": "satispress/advanced-custom-fields-pro",
            "version": "5.11",
            "dist": {
                "type": "zip",
                "url": "https://packages.burovoordeboeg.nl/satispress/advanced-custom-fields-pro/5.11",
                "shasum": "48476007b6bdba4aa2d09f631fabdd39a27f0bb1"
            },
            "require": {
                "composer/installers": "^1.0"
            },
            "type": "wordpress-plugin",
            "authors": {
                "name": "Delicious Brains",
                "homepage": "https://www.advancedcustomfields.com"
            },
            "description": "Customize WordPress with powerful, professional and intuitive fields.",
            "homepage": "https://www.advancedcustomfields.com"
        },
        {
            "name": "satispress/gravityforms",
            "version": "2.5.15",
            "dist": {
                "type": "zip",
                "url": "https://packages.burovoordeboeg.nl/satispress/gravityforms/2.5.15",
                "shasum": "00f783c08b967d77f2dd4c500313c51e478f7f0a"
            },
            "require": {
                "composer/installers": "^1.0"
            },
            "type": "wordpress-plugin",
            "authors": {
                "name": "Gravity Forms",
                "homepage": "https://gravityforms.com"
            },
            "description": "Easily create web forms and manage form entries within the WordPress admin.",
            "homepage": "https://gravityforms.com"
        }
    ],
    "aliases": [],
    "minimum-stability": "stable",
    "stability-flags": [],
    "prefer-stable": false,
    "prefer-lowest": false,
    "platform": [],
    "platform-dev": [],
    "plugin-api-version": "1.1.0"
}
